// !$*UTF8*$!
{
	archiveVersion = 1;
	classes = {
	};
	objectVersion = 50;
	objects = {

/* Begin PBXBuildFile section */
		6379786C235AD58C006BF843 /* AppDelegate.swift in Sources */ = {isa = PBXBuildFile; fileRef = 6379786B235AD58C006BF843 /* AppDelegate.swift */; };
		63797870235AD58C006BF843 /* ViewController.swift in Sources */ = {isa = PBXBuildFile; fileRef = 6379786F235AD58C006BF843 /* ViewController.swift */; };
		63797875235AD58D006BF843 /* Assets.xcassets in Resources */ = {isa = PBXBuildFile; fileRef = 63797874235AD58D006BF843 /* Assets.xcassets */; };
		63797878235AD58D006BF843 /* LaunchScreen.storyboard in Resources */ = {isa = PBXBuildFile; fileRef = 63797876235AD58D006BF843 /* LaunchScreen.storyboard */; };
		63797881235AD879006BF843 /* ApplicationCoordinator.swift in Sources */ = {isa = PBXBuildFile; fileRef = 63797880235AD879006BF843 /* ApplicationCoordinator.swift */; };
		63797883235AD8CE006BF843 /* Coordinator.swift in Sources */ = {isa = PBXBuildFile; fileRef = 63797882235AD8CE006BF843 /* Coordinator.swift */; };
		63797885235AD932006BF843 /* CoordinatorFactory.swift in Sources */ = {isa = PBXBuildFile; fileRef = 63797884235AD932006BF843 /* CoordinatorFactory.swift */; };
		6379788B235ADD56006BF843 /* LaunchManager.swift in Sources */ = {isa = PBXBuildFile; fileRef = 6379788A235ADD56006BF843 /* LaunchManager.swift */; };
		6379788D235ADD85006BF843 /* AppFlow.swift in Sources */ = {isa = PBXBuildFile; fileRef = 6379788C235ADD85006BF843 /* AppFlow.swift */; };
		6379788F235ADF1A006BF843 /* Flow1Coordinator.swift in Sources */ = {isa = PBXBuildFile; fileRef = 6379788E235ADF1A006BF843 /* Flow1Coordinator.swift */; };
		63797893235AE31C006BF843 /* TabBarCoordinator.swift in Sources */ = {isa = PBXBuildFile; fileRef = 63797892235AE31C006BF843 /* TabBarCoordinator.swift */; };
		63797897235AE89E006BF843 /* Tab1Coordinator.swift in Sources */ = {isa = PBXBuildFile; fileRef = 63797896235AE89E006BF843 /* Tab1Coordinator.swift */; };
		63797899235AE8E4006BF843 /* Tab2Coordinator.swift in Sources */ = {isa = PBXBuildFile; fileRef = 63797898235AE8E4006BF843 /* Tab2Coordinator.swift */; };
		6379789C235AEDCF006BF843 /* ViewControllerAssembly.swift in Sources */ = {isa = PBXBuildFile; fileRef = 6379789B235AEDCF006BF843 /* ViewControllerAssembly.swift */; };
		63EDD78A235C4F3600958A14 /* Typealiases.swift in Sources */ = {isa = PBXBuildFile; fileRef = 63EDD789235C4F3600958A14 /* Typealiases.swift */; };
/* End PBXBuildFile section */

/* Begin PBXFileReference section */
		63797868235AD58C006BF843 /* CoordanatorTemplateApp.app */ = {isa = PBXFileReference; explicitFileType = wrapper.application; includeInIndex = 0; path = CoordanatorTemplateApp.app; sourceTree = BUILT_PRODUCTS_DIR; };
		6379786B235AD58C006BF843 /* AppDelegate.swift */ = {isa = PBXFileReference; lastKnownFileType = sourcecode.swift; path = AppDelegate.swift; sourceTree = "<group>"; };
		6379786F235AD58C006BF843 /* ViewController.swift */ = {isa = PBXFileReference; lastKnownFileType = sourcecode.swift; path = ViewController.swift; sourceTree = "<group>"; };
		63797874235AD58D006BF843 /* Assets.xcassets */ = {isa = PBXFileReference; lastKnownFileType = folder.assetcatalog; path = Assets.xcassets; sourceTree = "<group>"; };
		63797877235AD58D006BF843 /* Base */ = {isa = PBXFileReference; lastKnownFileType = file.storyboard; name = Base; path = Base.lproj/LaunchScreen.storyboard; sourceTree = "<group>"; };
		63797879235AD58D006BF843 /* Info.plist */ = {isa = PBXFileReference; lastKnownFileType = text.plist.xml; path = Info.plist; sourceTree = "<group>"; };
		63797880235AD879006BF843 /* ApplicationCoordinator.swift */ = {isa = PBXFileReference; lastKnownFileType = sourcecode.swift; path = ApplicationCoordinator.swift; sourceTree = "<group>"; };
		63797882235AD8CE006BF843 /* Coordinator.swift */ = {isa = PBXFileReference; lastKnownFileType = sourcecode.swift; path = Coordinator.swift; sourceTree = "<group>"; };
		63797884235AD932006BF843 /* CoordinatorFactory.swift */ = {isa = PBXFileReference; lastKnownFileType = sourcecode.swift; path = CoordinatorFactory.swift; sourceTree = "<group>"; };
		6379788A235ADD56006BF843 /* LaunchManager.swift */ = {isa = PBXFileReference; lastKnownFileType = sourcecode.swift; path = LaunchManager.swift; sourceTree = "<group>"; };
		6379788C235ADD85006BF843 /* AppFlow.swift */ = {isa = PBXFileReference; lastKnownFileType = sourcecode.swift; path = AppFlow.swift; sourceTree = "<group>"; };
		6379788E235ADF1A006BF843 /* Flow1Coordinator.swift */ = {isa = PBXFileReference; lastKnownFileType = sourcecode.swift; path = Flow1Coordinator.swift; sourceTree = "<group>"; };
		63797892235AE31C006BF843 /* TabBarCoordinator.swift */ = {isa = PBXFileReference; lastKnownFileType = sourcecode.swift; path = TabBarCoordinator.swift; sourceTree = "<group>"; };
		63797896235AE89E006BF843 /* Tab1Coordinator.swift */ = {isa = PBXFileReference; lastKnownFileType = sourcecode.swift; path = Tab1Coordinator.swift; sourceTree = "<group>"; };
		63797898235AE8E4006BF843 /* Tab2Coordinator.swift */ = {isa = PBXFileReference; lastKnownFileType = sourcecode.swift; path = Tab2Coordinator.swift; sourceTree = "<group>"; };
		6379789B235AEDCF006BF843 /* ViewControllerAssembly.swift */ = {isa = PBXFileReference; lastKnownFileType = sourcecode.swift; path = ViewControllerAssembly.swift; sourceTree = "<group>"; };
		63EDD789235C4F3600958A14 /* Typealiases.swift */ = {isa = PBXFileReference; lastKnownFileType = sourcecode.swift; path = Typealiases.swift; sourceTree = "<group>"; };
/* End PBXFileReference section */

/* Begin PBXFrameworksBuildPhase section */
		63797865235AD58C006BF843 /* Frameworks */ = {
			isa = PBXFrameworksBuildPhase;
			buildActionMask = 2147483647;
			files = (
			);
			runOnlyForDeploymentPostprocessing = 0;
		};
/* End PBXFrameworksBuildPhase section */

/* Begin PBXGroup section */
		6379785F235AD58C006BF843 = {
			isa = PBXGroup;
			children = (
				6379786A235AD58C006BF843 /* CoordanatorTemplateApp */,
				63797869235AD58C006BF843 /* Products */,
			);
			sourceTree = "<group>";
		};
		63797869235AD58C006BF843 /* Products */ = {
			isa = PBXGroup;
			children = (
				63797868235AD58C006BF843 /* CoordanatorTemplateApp.app */,
			);
			name = Products;
			sourceTree = "<group>";
		};
		6379786A235AD58C006BF843 /* CoordanatorTemplateApp */ = {
			isa = PBXGroup;
			children = (
				63EDD782235AF83400958A14 /* Application */,
				63EDD783235AF86A00958A14 /* Base */,
				63EDD785235AF8A700958A14 /* Flows */,
				63797874235AD58D006BF843 /* Assets.xcassets */,
				63797876235AD58D006BF843 /* LaunchScreen.storyboard */,
				63797879235AD58D006BF843 /* Info.plist */,
			);
			path = CoordanatorTemplateApp;
			sourceTree = "<group>";
		};
		6379789A235AEDA9006BF843 /* ViewController */ = {
			isa = PBXGroup;
			children = (
				6379789B235AEDCF006BF843 /* ViewControllerAssembly.swift */,
				6379786F235AD58C006BF843 /* ViewController.swift */,
			);
			path = ViewController;
			sourceTree = "<group>";
		};
		63EDD77F235AF2F800958A14 /* TabBar */ = {
			isa = PBXGroup;
			children = (
				63797892235AE31C006BF843 /* TabBarCoordinator.swift */,
			);
			path = TabBar;
			sourceTree = "<group>";
		};
		63EDD782235AF83400958A14 /* Application */ = {
			isa = PBXGroup;
			children = (
				6379786B235AD58C006BF843 /* AppDelegate.swift */,
				63797880235AD879006BF843 /* ApplicationCoordinator.swift */,
				63797884235AD932006BF843 /* CoordinatorFactory.swift */,
				6379788C235ADD85006BF843 /* AppFlow.swift */,
				6379788A235ADD56006BF843 /* LaunchManager.swift */,
			);
			path = Application;
			sourceTree = "<group>";
		};
		63EDD783235AF86A00958A14 /* Base */ = {
			isa = PBXGroup;
			children = (
				63EDD789235C4F3600958A14 /* Typealiases.swift */,
				63797882235AD8CE006BF843 /* Coordinator.swift */,
			);
			path = Base;
			sourceTree = "<group>";
		};
		63EDD785235AF8A700958A14 /* Flows */ = {
			isa = PBXGroup;
			children = (
				63EDD788235AF8DF00958A14 /* CommonScreens */,
				63EDD786235AF8B500958A14 /* Flow1 */,
				63EDD787235AF8C300958A14 /* Flow2 */,
			);
			path = Flows;
			sourceTree = "<group>";
		};
		63EDD786235AF8B500958A14 /* Flow1 */ = {
			isa = PBXGroup;
			children = (
				6379788E235ADF1A006BF843 /* Flow1Coordinator.swift */,
			);
			path = Flow1;
			sourceTree = "<group>";
		};
		63EDD787235AF8C300958A14 /* Flow2 */ = {
			isa = PBXGroup;
			children = (
				63EDD77F235AF2F800958A14 /* TabBar */,
				63797896235AE89E006BF843 /* Tab1Coordinator.swift */,
				63797898235AE8E4006BF843 /* Tab2Coordinator.swift */,
			);
			path = Flow2;
			sourceTree = "<group>";
		};
		63EDD788235AF8DF00958A14 /* CommonScreens */ = {
			isa = PBXGroup;
			children = (
				6379789A235AEDA9006BF843 /* ViewController */,
			);
			path = CommonScreens;
			sourceTree = "<group>";
		};
/* End PBXGroup section */

/* Begin PBXNativeTarget section */
		63797867235AD58C006BF843 /* CoordanatorTemplateApp */ = {
			isa = PBXNativeTarget;
			buildConfigurationList = 6379787C235AD58D006BF843 /* Build configuration list for PBXNativeTarget "CoordanatorTemplateApp" */;
			buildPhases = (
				63797864235AD58C006BF843 /* Sources */,
				63797865235AD58C006BF843 /* Frameworks */,
				63797866235AD58C006BF843 /* Resources */,
			);
			buildRules = (
			);
			dependencies = (
			);
			name = CoordanatorTemplateApp;
			productName = CoordanatorTemplateApp;
			productReference = 63797868235AD58C006BF843 /* CoordanatorTemplateApp.app */;
			productType = "com.apple.product-type.application";
		};
/* End PBXNativeTarget section */

/* Begin PBXProject section */
		63797860235AD58C006BF843 /* Project object */ = {
			isa = PBXProject;
			attributes = {
				LastSwiftUpdateCheck = 1110;
				LastUpgradeCheck = 1110;
				ORGANIZATIONNAME = sb;
				TargetAttributes = {
					63797867235AD58C006BF843 = {
						CreatedOnToolsVersion = 11.1;
					};
				};
			};
			buildConfigurationList = 63797863235AD58C006BF843 /* Build configuration list for PBXProject "CoordanatorTemplateApp" */;
			compatibilityVersion = "Xcode 9.3";
			developmentRegion = en;
			hasScannedForEncodings = 0;
			knownRegions = (
				en,
				Base,
			);
			mainGroup = 6379785F235AD58C006BF843;
			productRefGroup = 63797869235AD58C006BF843 /* Products */;
			projectDirPath = "";
			projectRoot = "";
			targets = (
				63797867235AD58C006BF843 /* CoordanatorTemplateApp */,
			);
		};
/* End PBXProject section */

/* Begin PBXResourcesBuildPhase section */
		63797866235AD58C006BF843 /* Resources */ = {
			isa = PBXResourcesBuildPhase;
			buildActionMask = 2147483647;
			files = (
				63797878235AD58D006BF843 /* LaunchScreen.storyboard in Resources */,
				63797875235AD58D006BF843 /* Assets.xcassets in Resources */,
			);
			runOnlyForDeploymentPostprocessing = 0;
		};
/* End PBXResourcesBuildPhase section */

/* Begin PBXSourcesBuildPhase section */
		63797864235AD58C006BF843 /* Sources */ = {
			isa = PBXSourcesBuildPhase;
			buildActionMask = 2147483647;
			files = (
				63797883235AD8CE006BF843 /* Coordinator.swift in Sources */,
				63797870235AD58C006BF843 /* ViewController.swift in Sources */,
				6379786C235AD58C006BF843 /* AppDelegate.swift in Sources */,
				6379788D235ADD85006BF843 /* AppFlow.swift in Sources */,
				63797893235AE31C006BF843 /* TabBarCoordinator.swift in Sources */,
				63797885235AD932006BF843 /* CoordinatorFactory.swift in Sources */,
				6379788F235ADF1A006BF843 /* Flow1Coordinator.swift in Sources */,
				6379788B235ADD56006BF843 /* LaunchManager.swift in Sources */,
				63797899235AE8E4006BF843 /* Tab2Coordinator.swift in Sources */,
				6379789C235AEDCF006BF843 /* ViewControllerAssembly.swift in Sources */,
				63797881235AD879006BF843 /* ApplicationCoordinator.swift in Sources */,
				63797897235AE89E006BF843 /* Tab1Coordinator.swift in Sources */,
				63EDD78A235C4F3600958A14 /* Typealiases.swift in Sources */,
			);
			runOnlyForDeploymentPostprocessing = 0;
		};
/* End PBXSourcesBuildPhase section */

/* Begin PBXVariantGroup section */
		63797876235AD58D006BF843 /* LaunchScreen.storyboard */ = {
			isa = PBXVariantGroup;
			children = (
				63797877235AD58D006BF843 /* Base */,
			);
			name = LaunchScreen.storyboard;
			sourceTree = "<group>";
		};
/* End PBXVariantGroup section */

/* Begin XCBuildConfiguration section */
		6379787A235AD58D006BF843 /* Debug */ = {
			isa = XCBuildConfiguration;
			buildSettings = {
				ALWAYS_SEARCH_USER_PATHS = NO;
				CLANG_ANALYZER_NONNULL = YES;
				CLANG_ANALYZER_NUMBER_OBJECT_CONVERSION = YES_AGGRESSIVE;
				CLANG_CXX_LANGUAGE_STANDARD = "gnu++14";
				CLANG_CXX_LIBRARY = "libc++";
				CLANG_ENABLE_MODULES = YES;
				CLANG_ENABLE_OBJC_ARC = YES;
				CLANG_ENABLE_OBJC_WEAK = YES;
				CLANG_WARN_BLOCK_CAPTURE_AUTORELEASING = YES;
				CLANG_WARN_BOOL_CONVERSION = YES;
				CLANG_WARN_COMMA = YES;
				CLANG_WARN_CONSTANT_CONVERSION = YES;
				CLANG_WARN_DEPRECATED_OBJC_IMPLEMENTATIONS = YES;
				CLANG_WARN_DIRECT_OBJC_ISA_USAGE = YES_ERROR;
				CLANG_WARN_DOCUMENTATION_COMMENTS = YES;
				CLANG_WARN_EMPTY_BODY = YES;
				CLANG_WARN_ENUM_CONVERSION = YES;
				CLANG_WARN_INFINITE_RECURSION = YES;
				CLANG_WARN_INT_CONVERSION = YES;
				CLANG_WARN_NON_LITERAL_NULL_CONVERSION = YES;
				CLANG_WARN_OBJC_IMPLICIT_RETAIN_SELF = YES;
				CLANG_WARN_OBJC_LITERAL_CONVERSION = YES;
				CLANG_WARN_OBJC_ROOT_CLASS = YES_ERROR;
				CLANG_WARN_RANGE_LOOP_ANALYSIS = YES;
				CLANG_WARN_STRICT_PROTOTYPES = YES;
				CLANG_WARN_SUSPICIOUS_MOVE = YES;
				CLANG_WARN_UNGUARDED_AVAILABILITY = YES_AGGRESSIVE;
				CLANG_WARN_UNREACHABLE_CODE = YES;
				CLANG_WARN__DUPLICATE_METHOD_MATCH = YES;
				COPY_PHASE_STRIP = NO;
				DEBUG_INFORMATION_FORMAT = dwarf;
				ENABLE_STRICT_OBJC_MSGSEND = YES;
				ENABLE_TESTABILITY = YES;
				GCC_C_LANGUAGE_STANDARD = gnu11;
				GCC_DYNAMIC_NO_PIC = NO;
				GCC_NO_COMMON_BLOCKS = YES;
				GCC_OPTIMIZATION_LEVEL = 0;
				GCC_PREPROCESSOR_DEFINITIONS = (
					"DEBUG=1",
					"$(inherited)",
				);
				GCC_WARN_64_TO_32_BIT_CONVERSION = YES;
				GCC_WARN_ABOUT_RETURN_TYPE = YES_ERROR;
				GCC_WARN_UNDECLARED_SELECTOR = YES;
				GCC_WARN_UNINITIALIZED_AUTOS = YES_AGGRESSIVE;
				GCC_WARN_UNUSED_FUNCTION = YES;
				GCC_WARN_UNUSED_VARIABLE = YES;
				IPHONEOS_DEPLOYMENT_TARGET = 13.1;
				MTL_ENABLE_DEBUG_INFO = INCLUDE_SOURCE;
				MTL_FAST_MATH = YES;
				ONLY_ACTIVE_ARCH = YES;
				SDKROOT = iphoneos;
				SWIFT_ACTIVE_COMPILATION_CONDITIONS = DEBUG;
				SWIFT_OPTIMIZATION_LEVEL = "-Onone";
			};
			name = Debug;
		};
		6379787B235AD58D006BF843 /* Release */ = {
			isa = XCBuildConfiguration;
			buildSettings = {
				ALWAYS_SEARCH_USER_PATHS = NO;
				CLANG_ANALYZER_NONNULL = YES;
				CLANG_ANALYZER_NUMBER_OBJECT_CONVERSION = YES_AGGRESSIVE;
				CLANG_CXX_LANGUAGE_STANDARD = "gnu++14";
				CLANG_CXX_LIBRARY = "libc++";
				CLANG_ENABLE_MODULES = YES;
				CLANG_ENABLE_OBJC_ARC = YES;
				CLANG_ENABLE_OBJC_WEAK = YES;
				CLANG_WARN_BLOCK_CAPTURE_AUTORELEASING = YES;
				CLANG_WARN_BOOL_CONVERSION = YES;
				CLANG_WARN_COMMA = YES;
				CLANG_WARN_CONSTANT_CONVERSION = YES;
				CLANG_WARN_DEPRECATED_OBJC_IMPLEMENTATIONS = YES;
				CLANG_WARN_DIRECT_OBJC_ISA_USAGE = YES_ERROR;
				CLANG_WARN_DOCUMENTATION_COMMENTS = YES;
				CLANG_WARN_EMPTY_BODY = YES;
				CLANG_WARN_ENUM_CONVERSION = YES;
				CLANG_WARN_INFINITE_RECURSION = YES;
				CLANG_WARN_INT_CONVERSION = YES;
				CLANG_WARN_NON_LITERAL_NULL_CONVERSION = YES;
				CLANG_WARN_OBJC_IMPLICIT_RETAIN_SELF = YES;
				CLANG_WARN_OBJC_LITERAL_CONVERSION = YES;
				CLANG_WARN_OBJC_ROOT_CLASS = YES_ERROR;
				CLANG_WARN_RANGE_LOOP_ANALYSIS = YES;
				CLANG_WARN_STRICT_PROTOTYPES = YES;
				CLANG_WARN_SUSPICIOUS_MOVE = YES;
				CLANG_WARN_UNGUARDED_AVAILABILITY = YES_AGGRESSIVE;
				CLANG_WARN_UNREACHABLE_CODE = YES;
				CLANG_WARN__DUPLICATE_METHOD_MATCH = YES;
				COPY_PHASE_STRIP = NO;
				DEBUG_INFORMATION_FORMAT = "dwarf-with-dsym";
				ENABLE_NS_ASSERTIONS = NO;
				ENABLE_STRICT_OBJC_MSGSEND = YES;
				GCC_C_LANGUAGE_STANDARD = gnu11;
				GCC_NO_COMMON_BLOCKS = YES;
				GCC_WARN_64_TO_32_BIT_CONVERSION = YES;
				GCC_WARN_ABOUT_RETURN_TYPE = YES_ERROR;
				GCC_WARN_UNDECLARED_SELECTOR = YES;
				GCC_WARN_UNINITIALIZED_AUTOS = YES_AGGRESSIVE;
				GCC_WARN_UNUSED_FUNCTION = YES;
				GCC_WARN_UNUSED_VARIABLE = YES;
				IPHONEOS_DEPLOYMENT_TARGET = 13.1;
				MTL_ENABLE_DEBUG_INFO = NO;
				MTL_FAST_MATH = YES;
				SDKROOT = iphoneos;
				SWIFT_COMPILATION_MODE = wholemodule;
				SWIFT_OPTIMIZATION_LEVEL = "-O";
				VALIDATE_PRODUCT = YES;
			};
			name = Release;
		};
		6379787D235AD58D006BF843 /* Debug */ = {
			isa = XCBuildConfiguration;
			buildSettings = {
				ASSETCATALOG_COMPILER_APPICON_NAME = AppIcon;
				CODE_SIGN_STYLE = Automatic;
				INFOPLIST_FILE = CoordanatorTemplateApp/Info.plist;
				IPHONEOS_DEPLOYMENT_TARGET = 11.0;
				LD_RUNPATH_SEARCH_PATHS = (
					"$(inherited)",
					"@executable_path/Frameworks",
				);
				PRODUCT_BUNDLE_IDENTIFIER = sb.CoordanatorTemplateApp;
				PRODUCT_NAME = "$(TARGET_NAME)";
				SWIFT_VERSION = 5.0;
				TARGETED_DEVICE_FAMILY = "1,2";
			};
			name = Debug;
		};
		6379787E235AD58D006BF843 /* Release */ = {
			isa = XCBuildConfiguration;
			buildSettings = {
				ASSETCATALOG_COMPILER_APPICON_NAME = AppIcon;
				CODE_SIGN_STYLE = Automatic;
				INFOPLIST_FILE = CoordanatorTemplateApp/Info.plist;
				IPHONEOS_DEPLOYMENT_TARGET = 11.0;
				LD_RUNPATH_SEARCH_PATHS = (
					"$(inherited)",
					"@executable_path/Frameworks",
				);
				PRODUCT_BUNDLE_IDENTIFIER = sb.CoordanatorTemplateApp;
				PRODUCT_NAME = "$(TARGET_NAME)";
				SWIFT_VERSION = 5.0;
				TARGETED_DEVICE_FAMILY = "1,2";
			};
			name = Release;
		};
/* End XCBuildConfiguration section */

/* Begin XCConfigurationList section */
		63797863235AD58C006BF843 /* Build configuration list for PBXProject "CoordanatorTemplateApp" */ = {
			isa = XCConfigurationList;
			buildConfigurations = (
				6379787A235AD58D006BF843 /* Debug */,
				6379787B235AD58D006BF843 /* Release */,
			);
			defaultConfigurationIsVisible = 0;
			defaultConfigurationName = Release;
		};
		6379787C235AD58D006BF843 /* Build configuration list for PBXNativeTarget "CoordanatorTemplateApp" */ = {
			isa = XCConfigurationList;
			buildConfigurations = (
				6379787D235AD58D006BF843 /* Debug */,
				6379787E235AD58D006BF843 /* Release */,
			);
			defaultConfigurationIsVisible = 0;
			defaultConfigurationName = Release;
		};
/* End XCConfigurationList section */
	};
	rootObject = 63797860235AD58C006BF843 /* Project object */;
}
